
Microsoft Visual Studio Solution File, Format Version 12.00
# Visual Studio 15
VisualStudioVersion = 15.0.26730.10
MinimumVisualStudioVersion = 10.0.40219.1
Project("{FAE04EC0-301F-11D3-BF4B-00C04F79EFBC}") = "Plumbium", "Plumbium\Plumbium.csproj", "{EE7BD049-CA2D-4E38-9DB3-3609138A5D1A}"
EndProject
Project("{FAE04EC0-301F-11D3-BF4B-00C04F79EFBC}") = "Plumbium.Core", "Plumbium.Core\Plumbium.Core.csproj", "{1BD02861-DA3A-4019-9E02-31818DD0FCDC}"
EndProject
Project("{FAE04EC0-301F-11D3-BF4B-00C04F79EFBC}") = "Plumbium.Persistence", "Plumbium.Persistence\Plumbium.Persistence.csproj", "{B49CEAA9-EA78-4B84-BFEA-6146456A4DD4}"
EndProject
Global
	GlobalSection(SolutionConfigurationPlatforms) = preSolution
		Debug|Any CPU = Debug|Any CPU
		Release|Any CPU = Release|Any CPU
	EndGlobalSection
	GlobalSection(ProjectConfigurationPlatforms) = postSolution
		{EE7BD049-CA2D-4E38-9DB3-3609138A5D1A}.Debug|Any CPU.ActiveCfg = Debug|Any CPU
		{EE7BD049-CA2D-4E38-9DB3-3609138A5D1A}.Debug|Any CPU.Build.0 = Debug|Any CPU
		{EE7BD049-CA2D-4E38-9DB3-3609138A5D1A}.Release|Any CPU.ActiveCfg = Release|Any CPU
		{EE7BD049-CA2D-4E38-9DB3-3609138A5D1A}.Release|Any CPU.Build.0 = Release|Any CPU
		{1BD02861-DA3A-4019-9E02-31818DD0FCDC}.Debug|Any CPU.ActiveCfg = Debug|Any CPU
		{1BD02861-DA3A-4019-9E02-31818DD0FCDC}.Debug|Any CPU.Build.0 = Debug|Any CPU
		{1BD02861-DA3A-4019-9E02-31818DD0FCDC}.Release|Any CPU.ActiveCfg = Release|Any CPU
		{1BD02861-DA3A-4019-9E02-31818DD0FCDC}.Release|Any CPU.Build.0 = Release|Any CPU
		{B49CEAA9-EA78-4B84-BFEA-6146456A4DD4}.Debug|Any CPU.ActiveCfg = Debug|Any CPU
		{B49CEAA9-EA78-4B84-BFEA-6146456A4DD4}.Debug|Any CPU.Build.0 = Debug|Any CPU
		{B49CEAA9-EA78-4B84-BFEA-6146456A4DD4}.Release|Any CPU.ActiveCfg = Release|Any CPU
		{B49CEAA9-EA78-4B84-BFEA-6146456A4DD4}.Release|Any CPU.Build.0 = Release|Any CPU
	EndGlobalSection
	GlobalSection(SolutionProperties) = preSolution
		HideSolutionNode = FALSE
	EndGlobalSection
	GlobalSection(ExtensibilityGlobals) = postSolution
		SolutionGuid = {FE50E8F0-B6AD-4F0F-B0C4-A44B17B51E74}
	EndGlobalSection
EndGlobal
