
Microsoft Visual Studio Solution File, Format Version 12.00
# Visual Studio 15
VisualStudioVersion = 15.0.26730.10
MinimumVisualStudioVersion = 10.0.40219.1
Project("{9A19103F-16F7-4668-BE54-9A1E7A4F7556}") = "Plumbium", "Plumbium\Plumbium.csproj", "{EE7BD049-CA2D-4E38-9DB3-3609138A5D1A}"
EndProject
Project("{9A19103F-16F7-4668-BE54-9A1E7A4F7556}") = "Plumbium.Core", "Plumbium.Core\Plumbium.Core.csproj", "{1BD02861-DA3A-4019-9E02-31818DD0FCDC}"
EndProject
Project("{2150E333-8FDC-42A3-9474-1A3956D46DE8}") = "0 - Domain", "0 - Domain", "{8626BB2A-C42B-4ED6-8561-D7D2AFDCAED3}"
EndProject
Project("{2150E333-8FDC-42A3-9474-1A3956D46DE8}") = "1 - Service", "1 - Service", "{40B2BBEF-CACC-45D9-A14F-E9B70DCB7883}"
EndProject
Project("{2150E333-8FDC-42A3-9474-1A3956D46DE8}") = "2 - Infrastructure", "2 - Infrastructure", "{E213497D-1AEE-4B1A-ABF1-2266552D6C53}"
EndProject
Project("{2150E333-8FDC-42A3-9474-1A3956D46DE8}") = "2.1 - Repository", "2.1 - Repository", "{F3D1A036-99C4-4138-8155-44C18B5EDE9C}"
EndProject
Project("{2150E333-8FDC-42A3-9474-1A3956D46DE8}") = "2.2 - Presentation", "2.2 - Presentation", "{066E23F0-8C13-44C5-B9CE-053BC1C4D438}"
EndProject
Project("{2150E333-8FDC-42A3-9474-1A3956D46DE8}") = "3 - Application", "3 - Application", "{39EFC63D-6B96-46D4-802E-624A30B2C414}"
EndProject
Project("{FAE04EC0-301F-11D3-BF4B-00C04F79EFBC}") = "Plumbium.Api", "Plumbium.Api\Plumbium.Api.csproj", "{E3883E66-8B73-45B7-8A4C-04A4D255A203}"
EndProject
Project("{FAE04EC0-301F-11D3-BF4B-00C04F79EFBC}") = "Plumbium.Domain", "Plumbium.Domain\Plumbium.Domain.csproj", "{E9DC7960-EEC8-4316-A95C-72B95D41B717}"
EndProject
Project("{FAE04EC0-301F-11D3-BF4B-00C04F79EFBC}") = "Plumbium.Mvc", "Plumbium.Mvc\Plumbium.Mvc.csproj", "{456600C1-6F44-4FF8-8FBB-DEB927EB0D79}"
EndProject
Project("{FAE04EC0-301F-11D3-BF4B-00C04F79EFBC}") = "Plumbium.Repository", "Plumbium.Repository\Plumbium.Repository.csproj", "{97D9737B-AFE2-47EC-BE32-7F5BFC72863E}"
EndProject
Global
	GlobalSection(SolutionConfigurationPlatforms) = preSolution
		Debug|Any CPU = Debug|Any CPU
		Release|Any CPU = Release|Any CPU
	EndGlobalSection
	GlobalSection(ProjectConfigurationPlatforms) = postSolution
		{EE7BD049-CA2D-4E38-9DB3-3609138A5D1A}.Debug|Any CPU.ActiveCfg = Debug|Any CPU
		{EE7BD049-CA2D-4E38-9DB3-3609138A5D1A}.Debug|Any CPU.Build.0 = Debug|Any CPU
		{EE7BD049-CA2D-4E38-9DB3-3609138A5D1A}.Release|Any CPU.ActiveCfg = Release|Any CPU
		{EE7BD049-CA2D-4E38-9DB3-3609138A5D1A}.Release|Any CPU.Build.0 = Release|Any CPU
		{1BD02861-DA3A-4019-9E02-31818DD0FCDC}.Debug|Any CPU.ActiveCfg = Debug|Any CPU
		{1BD02861-DA3A-4019-9E02-31818DD0FCDC}.Debug|Any CPU.Build.0 = Debug|Any CPU
		{1BD02861-DA3A-4019-9E02-31818DD0FCDC}.Release|Any CPU.ActiveCfg = Release|Any CPU
		{1BD02861-DA3A-4019-9E02-31818DD0FCDC}.Release|Any CPU.Build.0 = Release|Any CPU
		{E3883E66-8B73-45B7-8A4C-04A4D255A203}.Debug|Any CPU.ActiveCfg = Debug|Any CPU
		{E3883E66-8B73-45B7-8A4C-04A4D255A203}.Debug|Any CPU.Build.0 = Debug|Any CPU
		{E3883E66-8B73-45B7-8A4C-04A4D255A203}.Release|Any CPU.ActiveCfg = Release|Any CPU
		{E3883E66-8B73-45B7-8A4C-04A4D255A203}.Release|Any CPU.Build.0 = Release|Any CPU
		{E9DC7960-EEC8-4316-A95C-72B95D41B717}.Debug|Any CPU.ActiveCfg = Debug|Any CPU
		{E9DC7960-EEC8-4316-A95C-72B95D41B717}.Debug|Any CPU.Build.0 = Debug|Any CPU
		{E9DC7960-EEC8-4316-A95C-72B95D41B717}.Release|Any CPU.ActiveCfg = Release|Any CPU
		{E9DC7960-EEC8-4316-A95C-72B95D41B717}.Release|Any CPU.Build.0 = Release|Any CPU
		{456600C1-6F44-4FF8-8FBB-DEB927EB0D79}.Debug|Any CPU.ActiveCfg = Debug|Any CPU
		{456600C1-6F44-4FF8-8FBB-DEB927EB0D79}.Debug|Any CPU.Build.0 = Debug|Any CPU
		{456600C1-6F44-4FF8-8FBB-DEB927EB0D79}.Release|Any CPU.ActiveCfg = Release|Any CPU
		{456600C1-6F44-4FF8-8FBB-DEB927EB0D79}.Release|Any CPU.Build.0 = Release|Any CPU
		{97D9737B-AFE2-47EC-BE32-7F5BFC72863E}.Debug|Any CPU.ActiveCfg = Debug|Any CPU
		{97D9737B-AFE2-47EC-BE32-7F5BFC72863E}.Debug|Any CPU.Build.0 = Debug|Any CPU
		{97D9737B-AFE2-47EC-BE32-7F5BFC72863E}.Release|Any CPU.ActiveCfg = Release|Any CPU
		{97D9737B-AFE2-47EC-BE32-7F5BFC72863E}.Release|Any CPU.Build.0 = Release|Any CPU
	EndGlobalSection
	GlobalSection(SolutionProperties) = preSolution
		HideSolutionNode = FALSE
	EndGlobalSection
	GlobalSection(NestedProjects) = preSolution
		{EE7BD049-CA2D-4E38-9DB3-3609138A5D1A} = {39EFC63D-6B96-46D4-802E-624A30B2C414}
		{1BD02861-DA3A-4019-9E02-31818DD0FCDC} = {40B2BBEF-CACC-45D9-A14F-E9B70DCB7883}
		{F3D1A036-99C4-4138-8155-44C18B5EDE9C} = {E213497D-1AEE-4B1A-ABF1-2266552D6C53}
		{066E23F0-8C13-44C5-B9CE-053BC1C4D438} = {E213497D-1AEE-4B1A-ABF1-2266552D6C53}
		{E3883E66-8B73-45B7-8A4C-04A4D255A203} = {066E23F0-8C13-44C5-B9CE-053BC1C4D438}
		{E9DC7960-EEC8-4316-A95C-72B95D41B717} = {8626BB2A-C42B-4ED6-8561-D7D2AFDCAED3}
		{456600C1-6F44-4FF8-8FBB-DEB927EB0D79} = {066E23F0-8C13-44C5-B9CE-053BC1C4D438}
		{97D9737B-AFE2-47EC-BE32-7F5BFC72863E} = {F3D1A036-99C4-4138-8155-44C18B5EDE9C}
	EndGlobalSection
	GlobalSection(ExtensibilityGlobals) = postSolution
		SolutionGuid = {FE50E8F0-B6AD-4F0F-B0C4-A44B17B51E74}
	EndGlobalSection
EndGlobal
